{
  "name": "assignment_6.1",
  "version": "1.0.0",
  "lockfileVersion": 1,
  "requires": true,
  "dependencies": {
    "calendar-base": {
      "version": "0.3.0",
      "resolved": "https://registry.npmjs.org/calendar-base/-/calendar-base-0.3.0.tgz",
      "integrity": "sha1-SD09B8W+/t+ZaamoGmqEV5Sm4lE="
    }
  }
}
